{
    "requires": true,
    "lockfileVersion": 1,
    "dependencies": {
        "@interactjs/types": {
            "version": "1.10.0",
            "resolved": "https://registry.npmjs.org/@interactjs/types/-/types-1.10.0.tgz",
            "integrity": "sha512-TB4uHd++aXqiWHQNzERcP8cxOLHCd+b3fq0XoV7Ydnappoq25R8iIrrB8Yb2FqVkZXnj1SIFYnzpol1SYHFIMQ=="
        },
        "interactjs": {
            "version": "1.10.0",
            "resolved": "https://registry.npmjs.org/interactjs/-/interactjs-1.10.0.tgz",
            "integrity": "sha512-dblDEizs758xETNVoSSxcZiwrP0DmFeNKILeDfhmO13LQRIsnSvbJFEYerEBVeH5m9qsOyYeMgBTafA+ZKkyBg==",
            "requires": {
                "@interactjs/types": "1.10.0"
            }
        }
    }
}
